{
  "name": "prettier-plugin-oxc",
  "version": "0.0.0",
  "lockfileVersion": 3,
  "requires": true,
  "packages": {
    "": {
      "name": "prettier-plugin-oxc",
      "version": "0.0.0",
      "license": "MIT",
      "dependencies": {
        "oxc-parser": "0.66.0"
      },
      "devDependencies": {
        "diff": "^7.0.0",
        "mitata": "^1.0.34",
        "prettier": "3.5.3",
        "tinyglobby": "^0.2.13"
      }
    },
    "node_modules/@emnapi/core": {
      "version": "1.4.3",
      "resolved": "https://registry.npmjs.org/@emnapi/core/-/core-1.4.3.tgz",
      "integrity": "sha512-4m62DuCE07lw01soJwPiBGC0nAww0Q+RY70VZ+n49yDIO13yyinhbWCeNnaob0lakDtWQzSdtNWzJeOJt2ma+g==",
      "license": "MIT",
      "optional": true,
      "dependencies": {
        "@emnapi/wasi-threads": "1.0.2",
        "tslib": "^2.4.0"
      }
    },
    "node_modules/@emnapi/runtime": {
      "version": "1.4.3",
      "resolved": "https://registry.npmjs.org/@emnapi/runtime/-/runtime-1.4.3.tgz",
      "integrity": "sha512-pBPWdu6MLKROBX05wSNKcNb++m5Er+KQ9QkB+WVM+pW2Kx9hoSrVTnu3BdkI5eBLZoKu/J6mW/B6i6bJB2ytXQ==",
      "license": "MIT",
      "optional": true,
      "dependencies": {
        "tslib": "^2.4.0"
      }
    },
    "node_modules/@emnapi/wasi-threads": {
      "version": "1.0.2",
      "resolved": "https://registry.npmjs.org/@emnapi/wasi-threads/-/wasi-threads-1.0.2.tgz",
      "integrity": "sha512-5n3nTJblwRi8LlXkJ9eBzu+kZR8Yxcc7ubakyQTFzPMtIhFpUBRbsnc2Dv88IZDIbCDlBiWrknhB4Lsz7mg6BA==",
      "license": "MIT",
      "optional": true,
      "dependencies": {
        "tslib": "^2.4.0"
      }
    },
    "node_modules/@napi-rs/wasm-runtime": {
      "version": "0.2.9",
      "resolved": "https://registry.npmjs.org/@napi-rs/wasm-runtime/-/wasm-runtime-0.2.9.tgz",
      "integrity": "sha512-OKRBiajrrxB9ATokgEQoG87Z25c67pCpYcCwmXYX8PBftC9pBfN18gnm/fh1wurSLEKIAt+QRFLFCQISrb66Jg==",
      "license": "MIT",
      "optional": true,
      "dependencies": {
        "@emnapi/core": "^1.4.0",
        "@emnapi/runtime": "^1.4.0",
        "@tybys/wasm-util": "^0.9.0"
      }
    },
    "node_modules/@oxc-parser/binding-darwin-arm64": {
      "version": "0.66.0",
      "resolved": "https://registry.npmjs.org/@oxc-parser/binding-darwin-arm64/-/binding-darwin-arm64-0.66.0.tgz",
      "integrity": "sha512-vu0/j+qQTIguTGxSF7PLnB+2DR8w1GLX4JMk9dlndS2AobkzNuZYAaIfh9XuXKi1Y5SFnWdmCE8bvaqldDYdJg==",
      "cpu": [
        "arm64"
      ],
      "license": "MIT",
      "optional": true,
      "os": [
        "darwin"
      ],
      "engines": {
        "node": ">=14.0.0"
      }
    },
    "node_modules/@oxc-parser/binding-darwin-x64": {
      "version": "0.66.0",
      "resolved": "https://registry.npmjs.org/@oxc-parser/binding-darwin-x64/-/binding-darwin-x64-0.66.0.tgz",
      "integrity": "sha512-zjStITzysMHDvBmznt4DpxzYQP4p6cBAkKUNqnYCP48uGuTcj5OxGzUayHaVAmeMGa0QovOJNOSZstJtX0OHWw==",
      "cpu": [
        "x64"
      ],
      "license": "MIT",
      "optional": true,
      "os": [
        "darwin"
      ],
      "engines": {
        "node": ">=14.0.0"
      }
    },
    "node_modules/@oxc-parser/binding-linux-arm-gnueabihf": {
      "version": "0.66.0",
      "resolved": "https://registry.npmjs.org/@oxc-parser/binding-linux-arm-gnueabihf/-/binding-linux-arm-gnueabihf-0.66.0.tgz",
      "integrity": "sha512-6H5CLALgpGX2q5X7iA9xYrSO+zgKH9bszCa4Yb8atyEOLglTebBjhqKY+aeSLJih+Yta7Nfe/nrjmGT1coQyJQ==",
      "cpu": [
        "arm"
      ],
      "license": "MIT",
      "optional": true,
      "os": [
        "linux"
      ],
      "engines": {
        "node": ">=14.0.0"
      }
    },
    "node_modules/@oxc-parser/binding-linux-arm64-gnu": {
      "version": "0.66.0",
      "resolved": "https://registry.npmjs.org/@oxc-parser/binding-linux-arm64-gnu/-/binding-linux-arm64-gnu-0.66.0.tgz",
      "integrity": "sha512-uf6q2fOCVZKdw9OYoPQSYt1DMHKXSYV/ESHRaew8knTti5b8k5x9ulCDKVmS3nNEBw78t5gaWHpJJhBIkOy/vQ==",
      "cpu": [
        "arm64"
      ],
      "license": "MIT",
      "optional": true,
      "os": [
        "linux"
      ],
      "engines": {
        "node": ">=14.0.0"
      }
    },
    "node_modules/@oxc-parser/binding-linux-arm64-musl": {
      "version": "0.66.0",
      "resolved": "https://registry.npmjs.org/@oxc-parser/binding-linux-arm64-musl/-/binding-linux-arm64-musl-0.66.0.tgz",
      "integrity": "sha512-qpExxhkSyel+7ptl5ZMhKY0Pba0ida7QvyqDmn1UemDXkT5/Zehfv02VCd3Qy+xWSZt5LXWqSypA1UWmTnrgZQ==",
      "cpu": [
        "arm64"
      ],
      "license": "MIT",
      "optional": true,
      "os": [
        "linux"
      ],
      "engines": {
        "node": ">=14.0.0"
      }
    },
    "node_modules/@oxc-parser/binding-linux-x64-gnu": {
      "version": "0.66.0",
      "resolved": "https://registry.npmjs.org/@oxc-parser/binding-linux-x64-gnu/-/binding-linux-x64-gnu-0.66.0.tgz",
      "integrity": "sha512-ltiZA35r80I+dicRswuwBzggJ4wOcx/Nyh/2tNgiZZ1Ds21zu96De5yWspfvh4VLioJJtHkYLfdHyjuWadZdlQ==",
      "cpu": [
        "x64"
      ],
      "license": "MIT",
      "optional": true,
      "os": [
        "linux"
      ],
      "engines": {
        "node": ">=14.0.0"
      }
    },
    "node_modules/@oxc-parser/binding-linux-x64-musl": {
      "version": "0.66.0",
      "resolved": "https://registry.npmjs.org/@oxc-parser/binding-linux-x64-musl/-/binding-linux-x64-musl-0.66.0.tgz",
      "integrity": "sha512-LeQYFU/BDZIFutjBPh6VE6Q0ldXF58/Z8W8+h7ihRPRs+BBzwZq8GeLeILK+lUe/hqGAdfGJWKjsRAzsGW1zMA==",
      "cpu": [
        "x64"
      ],
      "license": "MIT",
      "optional": true,
      "os": [
        "linux"
      ],
      "engines": {
        "node": ">=14.0.0"
      }
    },
    "node_modules/@oxc-parser/binding-wasm32-wasi": {
      "version": "0.66.0",
      "resolved": "https://registry.npmjs.org/@oxc-parser/binding-wasm32-wasi/-/binding-wasm32-wasi-0.66.0.tgz",
      "integrity": "sha512-4N9C5Ml79IiKCLnTzG/lppTbsXWyo4pEuH5zOMctS6K6KZF/k9XSukY1IEeMiblpqrnUHmVmsm1l3SuPP/50Bw==",
      "cpu": [
        "wasm32"
      ],
      "license": "MIT",
      "optional": true,
      "dependencies": {
        "@napi-rs/wasm-runtime": "^0.2.9"
      },
      "engines": {
        "node": ">=14.0.0"
      }
    },
    "node_modules/@oxc-parser/binding-win32-arm64-msvc": {
      "version": "0.66.0",
      "resolved": "https://registry.npmjs.org/@oxc-parser/binding-win32-arm64-msvc/-/binding-win32-arm64-msvc-0.66.0.tgz",
      "integrity": "sha512-v3B+wUB4s+JlxSUj7tAFF1qOcl8wXY2/m5KQfzU5noqjZ03JdmC4A/CPaHbQkudlQFBrRq1IAAarNGnYfV7DXw==",
      "cpu": [
        "arm64"
      ],
      "license": "MIT",
      "optional": true,
      "os": [
        "win32"
      ],
      "engines": {
        "node": ">=14.0.0"
      }
    },
    "node_modules/@oxc-parser/binding-win32-x64-msvc": {
      "version": "0.66.0",
      "resolved": "https://registry.npmjs.org/@oxc-parser/binding-win32-x64-msvc/-/binding-win32-x64-msvc-0.66.0.tgz",
      "integrity": "sha512-J8HaFgP17qNyCLMnnqzGeI4NYZDcXDEECj6tMaJTafPJc+ooPF0vkEJhp6TrTOkg09rvf2EKVOkLO2C3OMLKrA==",
      "cpu": [
        "x64"
      ],
      "license": "MIT",
      "optional": true,
      "os": [
        "win32"
      ],
      "engines": {
        "node": ">=14.0.0"
      }
    },
    "node_modules/@oxc-project/types": {
      "version": "0.66.0",
      "resolved": "https://registry.npmjs.org/@oxc-project/types/-/types-0.66.0.tgz",
      "integrity": "sha512-KF5Wlo2KzQ+jmuCtrGISZoUfdHom7qHavNfPLW2KkeYJfYMGwtiia8KjwtsvNJ49qRiXImOCkPeVPd4bMlbR7w==",
      "license": "MIT",
      "funding": {
        "url": "https://github.com/sponsors/Boshen"
      }
    },
    "node_modules/@tybys/wasm-util": {
      "version": "0.9.0",
      "resolved": "https://registry.npmjs.org/@tybys/wasm-util/-/wasm-util-0.9.0.tgz",
      "integrity": "sha512-6+7nlbMVX/PVDCwaIQ8nTOPveOcFLSt8GcXdx8hD0bt39uWxYT88uXzqTd4fTvqta7oeUJqudepapKNt2DYJFw==",
      "license": "MIT",
      "optional": true,
      "dependencies": {
        "tslib": "^2.4.0"
      }
    },
    "node_modules/diff": {
      "version": "7.0.0",
      "resolved": "https://registry.npmjs.org/diff/-/diff-7.0.0.tgz",
      "integrity": "sha512-PJWHUb1RFevKCwaFA9RlG5tCd+FO5iRh9A8HEtkmBH2Li03iJriB6m6JIN4rGz3K3JLawI7/veA1xzRKP6ISBw==",
      "dev": true,
      "license": "BSD-3-Clause",
      "engines": {
        "node": ">=0.3.1"
      }
    },
    "node_modules/fdir": {
      "version": "6.4.4",
      "resolved": "https://registry.npmjs.org/fdir/-/fdir-6.4.4.tgz",
      "integrity": "sha512-1NZP+GK4GfuAv3PqKvxQRDMjdSRZjnkq7KfhlNrCNNlZ0ygQFpebfrnfnq/W7fpUnAv9aGWmY1zKx7FYL3gwhg==",
      "dev": true,
      "license": "MIT",
      "peerDependencies": {
        "picomatch": "^3 || ^4"
      },
      "peerDependenciesMeta": {
        "picomatch": {
          "optional": true
        }
      }
    },
    "node_modules/mitata": {
      "version": "1.0.34",
      "resolved": "https://registry.npmjs.org/mitata/-/mitata-1.0.34.tgz",
      "integrity": "sha512-Mc3zrtNBKIMeHSCQ0XqRLo1vbdIx1wvFV9c8NJAiyho6AjNfMY8bVhbS12bwciUdd1t4rj8099CH3N3NFahaUA==",
      "dev": true,
      "license": "MIT"
    },
    "node_modules/oxc-parser": {
      "version": "0.66.0",
      "resolved": "https://registry.npmjs.org/oxc-parser/-/oxc-parser-0.66.0.tgz",
      "integrity": "sha512-uNkhp3ZueIqwU/Hm1ccDl/ZuAKAEhVlEj3W9sC6aD66ArxjO0xA6RZ9w85XJ2rugAt4g6R4tWeGvpJOSG3jfKg==",
      "license": "MIT",
      "dependencies": {
        "@oxc-project/types": "^0.66.0"
      },
      "engines": {
        "node": ">=14.0.0"
      },
      "funding": {
        "url": "https://github.com/sponsors/Boshen"
      },
      "optionalDependencies": {
        "@oxc-parser/binding-darwin-arm64": "0.66.0",
        "@oxc-parser/binding-darwin-x64": "0.66.0",
        "@oxc-parser/binding-linux-arm-gnueabihf": "0.66.0",
        "@oxc-parser/binding-linux-arm64-gnu": "0.66.0",
        "@oxc-parser/binding-linux-arm64-musl": "0.66.0",
        "@oxc-parser/binding-linux-x64-gnu": "0.66.0",
        "@oxc-parser/binding-linux-x64-musl": "0.66.0",
        "@oxc-parser/binding-wasm32-wasi": "0.66.0",
        "@oxc-parser/binding-win32-arm64-msvc": "0.66.0",
        "@oxc-parser/binding-win32-x64-msvc": "0.66.0"
      }
    },
    "node_modules/picomatch": {
      "version": "4.0.2",
      "resolved": "https://registry.npmjs.org/picomatch/-/picomatch-4.0.2.tgz",
      "integrity": "sha512-M7BAV6Rlcy5u+m6oPhAPFgJTzAioX/6B0DxyvDlo9l8+T3nLKbrczg2WLUyzd45L8RqfUMyGPzekbMvX2Ldkwg==",
      "dev": true,
      "license": "MIT",
      "engines": {
        "node": ">=12"
      },
      "funding": {
        "url": "https://github.com/sponsors/jonschlinkert"
      }
    },
    "node_modules/prettier": {
      "version": "3.5.3",
      "resolved": "https://registry.npmjs.org/prettier/-/prettier-3.5.3.tgz",
      "integrity": "sha512-QQtaxnoDJeAkDvDKWCLiwIXkTgRhwYDEQCghU9Z6q03iyek/rxRh/2lC3HB7P8sWT2xC/y5JDctPLBIGzHKbhw==",
      "dev": true,
      "license": "MIT",
      "bin": {
        "prettier": "bin/prettier.cjs"
      },
      "engines": {
        "node": ">=14"
      },
      "funding": {
        "url": "https://github.com/prettier/prettier?sponsor=1"
      }
    },
    "node_modules/tinyglobby": {
      "version": "0.2.13",
      "resolved": "https://registry.npmjs.org/tinyglobby/-/tinyglobby-0.2.13.tgz",
      "integrity": "sha512-mEwzpUgrLySlveBwEVDMKk5B57bhLPYovRfPAXD5gA/98Opn0rCDj3GtLwFvCvH5RK9uPCExUROW5NjDwvqkxw==",
      "dev": true,
      "license": "MIT",
      "dependencies": {
        "fdir": "^6.4.4",
        "picomatch": "^4.0.2"
      },
      "engines": {
        "node": ">=12.0.0"
      },
      "funding": {
        "url": "https://github.com/sponsors/SuperchupuDev"
      }
    },
    "node_modules/tslib": {
      "version": "2.8.1",
      "resolved": "https://registry.npmjs.org/tslib/-/tslib-2.8.1.tgz",
      "integrity": "sha512-oJFu94HQb+KVduSUQL7wnpmqnfmLsOA/nAh6b6EH0wCEoK0/mPeXU6c3wKDV83MkOuHPRHtSXKKU99IBazS/2w==",
      "license": "0BSD",
      "optional": true
    }
  }
}
