{
  "name": "prettier-plugin-oxc",
  "version": "0.0.0",
  "lockfileVersion": 3,
  "requires": true,
  "packages": {
    "": {
      "name": "prettier-plugin-oxc",
      "version": "0.0.0",
      "license": "MIT",
      "dependencies": {
        "oxc-parser": "^0.58.1"
      },
      "devDependencies": {
        "mitata": "^1.0.34",
        "prettier": "^3.5.3"
      }
    },
    "node_modules/@emnapi/core": {
      "version": "1.3.1",
      "resolved": "https://registry.npmjs.org/@emnapi/core/-/core-1.3.1.tgz",
      "integrity": "sha512-pVGjBIt1Y6gg3EJN8jTcfpP/+uuRksIo055oE/OBkDNcjZqVbfkWCksG1Jp4yZnj3iKWyWX8fdG/j6UDYPbFog==",
      "license": "MIT",
      "optional": true,
      "dependencies": {
        "@emnapi/wasi-threads": "1.0.1",
        "tslib": "^2.4.0"
      }
    },
    "node_modules/@emnapi/runtime": {
      "version": "1.3.1",
      "resolved": "https://registry.npmjs.org/@emnapi/runtime/-/runtime-1.3.1.tgz",
      "integrity": "sha512-kEBmG8KyqtxJZv+ygbEim+KCGtIq1fC22Ms3S4ziXmYKm8uyoLX0MHONVKwp+9opg390VaKRNt4a7A9NwmpNhw==",
      "license": "MIT",
      "optional": true,
      "dependencies": {
        "tslib": "^2.4.0"
      }
    },
    "node_modules/@emnapi/wasi-threads": {
      "version": "1.0.1",
      "resolved": "https://registry.npmjs.org/@emnapi/wasi-threads/-/wasi-threads-1.0.1.tgz",
      "integrity": "sha512-iIBu7mwkq4UQGeMEM8bLwNK962nXdhodeScX4slfQnRhEMMzvYivHhutCIk8uojvmASXXPC2WNEjwxFWk72Oqw==",
      "license": "MIT",
      "optional": true,
      "dependencies": {
        "tslib": "^2.4.0"
      }
    },
    "node_modules/@napi-rs/wasm-runtime": {
      "version": "0.2.7",
      "resolved": "https://registry.npmjs.org/@napi-rs/wasm-runtime/-/wasm-runtime-0.2.7.tgz",
      "integrity": "sha512-5yximcFK5FNompXfJFoWanu5l8v1hNGqNHh9du1xETp9HWk/B/PzvchX55WYOPaIeNglG8++68AAiauBAtbnzw==",
      "license": "MIT",
      "optional": true,
      "dependencies": {
        "@emnapi/core": "^1.3.1",
        "@emnapi/runtime": "^1.3.1",
        "@tybys/wasm-util": "^0.9.0"
      }
    },
    "node_modules/@oxc-parser/binding-darwin-arm64": {
      "version": "0.58.1",
      "resolved": "https://registry.npmjs.org/@oxc-parser/binding-darwin-arm64/-/binding-darwin-arm64-0.58.1.tgz",
      "integrity": "sha512-Bo+l1MxJ6bnPtz+xygO1B85cXyv9fj2I9oWzWv2uxpk/vKoEXexzz7sZN8hhnMOIOcy6ie9zYSkCFzoxntP8Qg==",
      "cpu": [
        "arm64"
      ],
      "license": "MIT",
      "optional": true,
      "os": [
        "darwin"
      ],
      "engines": {
        "node": ">=14.0.0"
      }
    },
    "node_modules/@oxc-parser/binding-darwin-x64": {
      "version": "0.58.1",
      "resolved": "https://registry.npmjs.org/@oxc-parser/binding-darwin-x64/-/binding-darwin-x64-0.58.1.tgz",
      "integrity": "sha512-ZHKw7wHjTVRtVw64AK1/N3/HJ9tWpIN04BWaztx0sgf5sbgaiR2LQeKxNOvKjchKG0qbLnXouPqfsZKy78DG0Q==",
      "cpu": [
        "x64"
      ],
      "license": "MIT",
      "optional": true,
      "os": [
        "darwin"
      ],
      "engines": {
        "node": ">=14.0.0"
      }
    },
    "node_modules/@oxc-parser/binding-linux-arm-gnueabihf": {
      "version": "0.58.1",
      "resolved": "https://registry.npmjs.org/@oxc-parser/binding-linux-arm-gnueabihf/-/binding-linux-arm-gnueabihf-0.58.1.tgz",
      "integrity": "sha512-CkKj06F1oRMUPw7ULnxx2feA5scR0biQ0CV5mI1tEklm5x0JvsNuKGKeZg5XWFLiMD4kvczvkZI88BgashH6Yw==",
      "cpu": [
        "arm"
      ],
      "license": "MIT",
      "optional": true,
      "os": [
        "linux"
      ],
      "engines": {
        "node": ">=14.0.0"
      }
    },
    "node_modules/@oxc-parser/binding-linux-arm64-gnu": {
      "version": "0.58.1",
      "resolved": "https://registry.npmjs.org/@oxc-parser/binding-linux-arm64-gnu/-/binding-linux-arm64-gnu-0.58.1.tgz",
      "integrity": "sha512-FphJk1lqCwTlVhaPg/PnI1iKFrb3odvYE4Ov837o2yibdU7AQrdFc1hV7r+4Kav/ikJX9KAj8Tq8o9lRV7j9Cg==",
      "cpu": [
        "arm64"
      ],
      "license": "MIT",
      "optional": true,
      "os": [
        "linux"
      ],
      "engines": {
        "node": ">=14.0.0"
      }
    },
    "node_modules/@oxc-parser/binding-linux-arm64-musl": {
      "version": "0.58.1",
      "resolved": "https://registry.npmjs.org/@oxc-parser/binding-linux-arm64-musl/-/binding-linux-arm64-musl-0.58.1.tgz",
      "integrity": "sha512-DpGtet/2Jp7rDp15wWOVy8tDp+v201049AkxuT5X0aUAByJdeHHYppcZWp9QIeB78tf9ABkHGFDhftQujw9lnQ==",
      "cpu": [
        "arm64"
      ],
      "license": "MIT",
      "optional": true,
      "os": [
        "linux"
      ],
      "engines": {
        "node": ">=14.0.0"
      }
    },
    "node_modules/@oxc-parser/binding-linux-x64-gnu": {
      "version": "0.58.1",
      "resolved": "https://registry.npmjs.org/@oxc-parser/binding-linux-x64-gnu/-/binding-linux-x64-gnu-0.58.1.tgz",
      "integrity": "sha512-Rc0M1EttC+sZoRkPcPki4ygNuQV6uqGiw208TDPOloOmMeam7xCzrBLW1noYUiw8SPLWW+Xa+Lgt00S6Go3RbQ==",
      "cpu": [
        "x64"
      ],
      "license": "MIT",
      "optional": true,
      "os": [
        "linux"
      ],
      "engines": {
        "node": ">=14.0.0"
      }
    },
    "node_modules/@oxc-parser/binding-linux-x64-musl": {
      "version": "0.58.1",
      "resolved": "https://registry.npmjs.org/@oxc-parser/binding-linux-x64-musl/-/binding-linux-x64-musl-0.58.1.tgz",
      "integrity": "sha512-KsadDTcjIjsXATEoCpNaNn5XIPqG3KxyLCuJLMzkevZLYmuR11j/HkOlG5v9LSpg14FmSnDJjQ3Z9tEXsOhv7g==",
      "cpu": [
        "x64"
      ],
      "license": "MIT",
      "optional": true,
      "os": [
        "linux"
      ],
      "engines": {
        "node": ">=14.0.0"
      }
    },
    "node_modules/@oxc-parser/binding-wasm32-wasi": {
      "version": "0.58.1",
      "resolved": "https://registry.npmjs.org/@oxc-parser/binding-wasm32-wasi/-/binding-wasm32-wasi-0.58.1.tgz",
      "integrity": "sha512-LVaglFrZddNJb7kJF3BR49hum8nyl/9mQfnpDRvuBPE5DGgYMsFHNkwHbwSIHOttCKxtWXrJigbwfq/EelWQyQ==",
      "cpu": [
        "wasm32"
      ],
      "license": "MIT",
      "optional": true,
      "dependencies": {
        "@napi-rs/wasm-runtime": "^0.2.7"
      },
      "engines": {
        "node": ">=14.0.0"
      }
    },
    "node_modules/@oxc-parser/binding-win32-arm64-msvc": {
      "version": "0.58.1",
      "resolved": "https://registry.npmjs.org/@oxc-parser/binding-win32-arm64-msvc/-/binding-win32-arm64-msvc-0.58.1.tgz",
      "integrity": "sha512-J+veYzObXIPQw+o7JL9mprK+9xhpKIjOeTUjddG1LTrVjJ4yIQqK1Qh8SuS30ccrithGJO7JlZ/unRTqQqZ80Q==",
      "cpu": [
        "arm64"
      ],
      "license": "MIT",
      "optional": true,
      "os": [
        "win32"
      ],
      "engines": {
        "node": ">=14.0.0"
      }
    },
    "node_modules/@oxc-parser/binding-win32-x64-msvc": {
      "version": "0.58.1",
      "resolved": "https://registry.npmjs.org/@oxc-parser/binding-win32-x64-msvc/-/binding-win32-x64-msvc-0.58.1.tgz",
      "integrity": "sha512-XxYZgYm7UVTAxbxpBlh+3VRkiOOuS1NZkt2qBPtQ0+pBGsxBBeBHymzpaBsiDZVfhQGF742LgyTCPFTTRNLBAg==",
      "cpu": [
        "x64"
      ],
      "license": "MIT",
      "optional": true,
      "os": [
        "win32"
      ],
      "engines": {
        "node": ">=14.0.0"
      }
    },
    "node_modules/@oxc-project/types": {
      "version": "0.58.1",
      "resolved": "https://registry.npmjs.org/@oxc-project/types/-/types-0.58.1.tgz",
      "integrity": "sha512-/412rL5TIAsZJ428FvFsZCKYsnnKsABv9Z7xZmdtUylGT+qiN240wHU++HdHwYj2j1A5SeScB4O4t8EjjcPlUw==",
      "license": "MIT",
      "funding": {
        "url": "https://github.com/sponsors/Boshen"
      }
    },
    "node_modules/@tybys/wasm-util": {
      "version": "0.9.0",
      "resolved": "https://registry.npmjs.org/@tybys/wasm-util/-/wasm-util-0.9.0.tgz",
      "integrity": "sha512-6+7nlbMVX/PVDCwaIQ8nTOPveOcFLSt8GcXdx8hD0bt39uWxYT88uXzqTd4fTvqta7oeUJqudepapKNt2DYJFw==",
      "license": "MIT",
      "optional": true,
      "dependencies": {
        "tslib": "^2.4.0"
      }
    },
    "node_modules/mitata": {
      "version": "1.0.34",
      "resolved": "https://registry.npmjs.org/mitata/-/mitata-1.0.34.tgz",
      "integrity": "sha512-Mc3zrtNBKIMeHSCQ0XqRLo1vbdIx1wvFV9c8NJAiyho6AjNfMY8bVhbS12bwciUdd1t4rj8099CH3N3NFahaUA==",
      "dev": true,
      "license": "MIT"
    },
    "node_modules/oxc-parser": {
      "version": "0.58.1",
      "resolved": "https://registry.npmjs.org/oxc-parser/-/oxc-parser-0.58.1.tgz",
      "integrity": "sha512-Yc6gQYWaA6n55afpBrWFSgQkI+iqo9wlaB+AIJ0MUktWxyMJkkcdfwTy29ailgQrUQYu9zC1BCXkIZkhgt9meA==",
      "license": "MIT",
      "dependencies": {
        "@oxc-project/types": "^0.58.1"
      },
      "engines": {
        "node": ">=14.0.0"
      },
      "funding": {
        "url": "https://github.com/sponsors/Boshen"
      },
      "optionalDependencies": {
        "@oxc-parser/binding-darwin-arm64": "0.58.1",
        "@oxc-parser/binding-darwin-x64": "0.58.1",
        "@oxc-parser/binding-linux-arm-gnueabihf": "0.58.1",
        "@oxc-parser/binding-linux-arm64-gnu": "0.58.1",
        "@oxc-parser/binding-linux-arm64-musl": "0.58.1",
        "@oxc-parser/binding-linux-x64-gnu": "0.58.1",
        "@oxc-parser/binding-linux-x64-musl": "0.58.1",
        "@oxc-parser/binding-wasm32-wasi": "0.58.1",
        "@oxc-parser/binding-win32-arm64-msvc": "0.58.1",
        "@oxc-parser/binding-win32-x64-msvc": "0.58.1"
      }
    },
    "node_modules/prettier": {
      "version": "3.5.3",
      "resolved": "https://registry.npmjs.org/prettier/-/prettier-3.5.3.tgz",
      "integrity": "sha512-QQtaxnoDJeAkDvDKWCLiwIXkTgRhwYDEQCghU9Z6q03iyek/rxRh/2lC3HB7P8sWT2xC/y5JDctPLBIGzHKbhw==",
      "dev": true,
      "license": "MIT",
      "bin": {
        "prettier": "bin/prettier.cjs"
      },
      "engines": {
        "node": ">=14"
      },
      "funding": {
        "url": "https://github.com/prettier/prettier?sponsor=1"
      }
    },
    "node_modules/tslib": {
      "version": "2.8.1",
      "resolved": "https://registry.npmjs.org/tslib/-/tslib-2.8.1.tgz",
      "integrity": "sha512-oJFu94HQb+KVduSUQL7wnpmqnfmLsOA/nAh6b6EH0wCEoK0/mPeXU6c3wKDV83MkOuHPRHtSXKKU99IBazS/2w==",
      "license": "0BSD",
      "optional": true
    }
  }
}
